
Microsoft Visual Studio Solution File, Format Version 12.00
# Visual Studio Version 17
VisualStudioVersion = 17.5.33530.505
MinimumVisualStudioVersion = 10.0.40219.1
Project("{FAE04EC0-301F-11D3-BF4B-00C04F79EFBC}") = "DbConnections", "DbConnections\DbConnections.csproj", "{471B37DF-9860-44E9-83E5-5ED18293DA10}"
EndProject
Global
	GlobalSection(SolutionConfigurationPlatforms) = preSolution
		Debug|Any CPU = Debug|Any CPU
		Release|Any CPU = Release|Any CPU
	EndGlobalSection
	GlobalSection(ProjectConfigurationPlatforms) = postSolution
		{471B37DF-9860-44E9-83E5-5ED18293DA10}.Debug|Any CPU.ActiveCfg = Debug|Any CPU
		{471B37DF-9860-44E9-83E5-5ED18293DA10}.Debug|Any CPU.Build.0 = Debug|Any CPU
		{471B37DF-9860-44E9-83E5-5ED18293DA10}.Release|Any CPU.ActiveCfg = Release|Any CPU
		{471B37DF-9860-44E9-83E5-5ED18293DA10}.Release|Any CPU.Build.0 = Release|Any CPU
	EndGlobalSection
	GlobalSection(SolutionProperties) = preSolution
		HideSolutionNode = FALSE
	EndGlobalSection
	GlobalSection(ExtensibilityGlobals) = postSolution
		SolutionGuid = {046F2C17-4C6E-469F-ADDD-FB3CAA291D5A}
	EndGlobalSection
EndGlobal
